// !$*UTF8*$!
{
	archiveVersion = 1;
	classes = {
	};
	objectVersion = 46;
	objects = {

/* Begin PBXBuildFile section */
		3C1DC4821E440EB000387187 /* AppDelegate.swift in Sources */ = {isa = PBXBuildFile; fileRef = 3C1DC4811E440EB000387187 /* AppDelegate.swift */; };
		3C1DC4971E440EE800387187 /* confessionCell.swift in Sources */ = {isa = PBXBuildFile; fileRef = 3C1DC4931E440EE800387187 /* confessionCell.swift */; };
		3C1DC4981E440EE800387187 /* videoCell.swift in Sources */ = {isa = PBXBuildFile; fileRef = 3C1DC4941E440EE800387187 /* videoCell.swift */; };
		3C1DC4991E440EE800387187 /* commentCell.swift in Sources */ = {isa = PBXBuildFile; fileRef = 3C1DC4951E440EE800387187 /* commentCell.swift */; };
		3C1DC49A1E440EE800387187 /* likeCell.swift in Sources */ = {isa = PBXBuildFile; fileRef = 3C1DC4961E440EE800387187 /* likeCell.swift */; };
		3C1DC49C1E440EF600387187 /* feedTableViewController.swift in Sources */ = {isa = PBXBuildFile; fileRef = 3C1DC49B1E440EF600387187 /* feedTableViewController.swift */; };
		3C1DC49E1E440F0E00387187 /* Assets.xcassets in Resources */ = {isa = PBXBuildFile; fileRef = 3C1DC49D1E440F0E00387187 /* Assets.xcassets */; };
		3C1DC4A01E440F1D00387187 /* data.json in Resources */ = {isa = PBXBuildFile; fileRef = 3C1DC49F1E440F1D00387187 /* data.json */; };
		3C1DC4A21E440F4A00387187 /* Main.storyboard in Resources */ = {isa = PBXBuildFile; fileRef = 3C1DC4A11E440F4A00387187 /* Main.storyboard */; };
		A9CDC5C0B7348FD842687554 /* Pods_colorFeed.framework in Frameworks */ = {isa = PBXBuildFile; fileRef = A34BFCCD9A0213423CC06FE3 /* Pods_colorFeed.framework */; };
/* End PBXBuildFile section */

/* Begin PBXFileReference section */
		0F269C95EDE5F7AA948F8DDE /* Pods-colorFeed.release.xcconfig */ = {isa = PBXFileReference; includeInIndex = 1; lastKnownFileType = text.xcconfig; name = "Pods-colorFeed.release.xcconfig"; path = "Pods/Target Support Files/Pods-colorFeed/Pods-colorFeed.release.xcconfig"; sourceTree = "<group>"; };
		3C1DC47E1E440EB000387187 /* colorFeed.app */ = {isa = PBXFileReference; explicitFileType = wrapper.application; includeInIndex = 0; path = colorFeed.app; sourceTree = BUILT_PRODUCTS_DIR; };
		3C1DC4811E440EB000387187 /* AppDelegate.swift */ = {isa = PBXFileReference; lastKnownFileType = sourcecode.swift; path = AppDelegate.swift; sourceTree = "<group>"; };
		3C1DC48D1E440EB000387187 /* Info.plist */ = {isa = PBXFileReference; lastKnownFileType = text.plist.xml; path = Info.plist; sourceTree = "<group>"; };
		3C1DC4931E440EE800387187 /* confessionCell.swift */ = {isa = PBXFileReference; fileEncoding = 4; lastKnownFileType = sourcecode.swift; path = confessionCell.swift; sourceTree = "<group>"; };
		3C1DC4941E440EE800387187 /* videoCell.swift */ = {isa = PBXFileReference; fileEncoding = 4; lastKnownFileType = sourcecode.swift; path = videoCell.swift; sourceTree = "<group>"; };
		3C1DC4951E440EE800387187 /* commentCell.swift */ = {isa = PBXFileReference; fileEncoding = 4; lastKnownFileType = sourcecode.swift; path = commentCell.swift; sourceTree = "<group>"; };
		3C1DC4961E440EE800387187 /* likeCell.swift */ = {isa = PBXFileReference; fileEncoding = 4; lastKnownFileType = sourcecode.swift; path = likeCell.swift; sourceTree = "<group>"; };
		3C1DC49B1E440EF600387187 /* feedTableViewController.swift */ = {isa = PBXFileReference; fileEncoding = 4; lastKnownFileType = sourcecode.swift; path = feedTableViewController.swift; sourceTree = "<group>"; };
		3C1DC49D1E440F0E00387187 /* Assets.xcassets */ = {isa = PBXFileReference; lastKnownFileType = folder.assetcatalog; path = Assets.xcassets; sourceTree = "<group>"; };
		3C1DC49F1E440F1D00387187 /* data.json */ = {isa = PBXFileReference; fileEncoding = 4; lastKnownFileType = text.json; path = data.json; sourceTree = "<group>"; };
		3C1DC4A11E440F4A00387187 /* Main.storyboard */ = {isa = PBXFileReference; fileEncoding = 4; lastKnownFileType = file.storyboard; path = Main.storyboard; sourceTree = "<group>"; };
		A34BFCCD9A0213423CC06FE3 /* Pods_colorFeed.framework */ = {isa = PBXFileReference; explicitFileType = wrapper.framework; includeInIndex = 0; path = Pods_colorFeed.framework; sourceTree = BUILT_PRODUCTS_DIR; };
		FDE10D723CB6F762D2C4ADE7 /* Pods-colorFeed.debug.xcconfig */ = {isa = PBXFileReference; includeInIndex = 1; lastKnownFileType = text.xcconfig; name = "Pods-colorFeed.debug.xcconfig"; path = "Pods/Target Support Files/Pods-colorFeed/Pods-colorFeed.debug.xcconfig"; sourceTree = "<group>"; };
/* End PBXFileReference section */

/* Begin PBXFrameworksBuildPhase section */
		3C1DC47B1E440EB000387187 /* Frameworks */ = {
			isa = PBXFrameworksBuildPhase;
			buildActionMask = 2147483647;
			files = (
				A9CDC5C0B7348FD842687554 /* Pods_colorFeed.framework in Frameworks */,
			);
			runOnlyForDeploymentPostprocessing = 0;
		};
/* End PBXFrameworksBuildPhase section */

/* Begin PBXGroup section */
		3C1DC4751E440EB000387187 = {
			isa = PBXGroup;
			children = (
				3C1DC4801E440EB000387187 /* colorFeed */,
				3C1DC47F1E440EB000387187 /* Products */,
				C9662FA381A853C85555F44C /* Pods */,
				FA8373209314BE7AF893F76F /* Frameworks */,
			);
			sourceTree = "<group>";
		};
		3C1DC47F1E440EB000387187 /* Products */ = {
			isa = PBXGroup;
			children = (
				3C1DC47E1E440EB000387187 /* colorFeed.app */,
			);
			name = Products;
			sourceTree = "<group>";
		};
		3C1DC4801E440EB000387187 /* colorFeed */ = {
			isa = PBXGroup;
			children = (
				3C1DC49B1E440EF600387187 /* feedTableViewController.swift */,
				3C1DC4811E440EB000387187 /* AppDelegate.swift */,
				3C1DC4A31E44109C00387187 /* cellTypes */,
				3C1DC49D1E440F0E00387187 /* Assets.xcassets */,
				3C1DC49F1E440F1D00387187 /* data.json */,
				3C1DC4A11E440F4A00387187 /* Main.storyboard */,
				3C1DC48D1E440EB000387187 /* Info.plist */,
			);
			path = colorFeed;
			sourceTree = "<group>";
		};
		3C1DC4A31E44109C00387187 /* cellTypes */ = {
			isa = PBXGroup;
			children = (
				3C1DC4931E440EE800387187 /* confessionCell.swift */,
				3C1DC4941E440EE800387187 /* videoCell.swift */,
				3C1DC4951E440EE800387187 /* commentCell.swift */,
				3C1DC4961E440EE800387187 /* likeCell.swift */,
			);
			name = cellTypes;
			sourceTree = "<group>";
		};
		C9662FA381A853C85555F44C /* Pods */ = {
			isa = PBXGroup;
			children = (
				FDE10D723CB6F762D2C4ADE7 /* Pods-colorFeed.debug.xcconfig */,
				0F269C95EDE5F7AA948F8DDE /* Pods-colorFeed.release.xcconfig */,
			);
			name = Pods;
			sourceTree = "<group>";
		};
		FA8373209314BE7AF893F76F /* Frameworks */ = {
			isa = PBXGroup;
			children = (
				A34BFCCD9A0213423CC06FE3 /* Pods_colorFeed.framework */,
			);
			name = Frameworks;
			sourceTree = "<group>";
		};
/* End PBXGroup section */

/* Begin PBXNativeTarget section */
		3C1DC47D1E440EB000387187 /* colorFeed */ = {
			isa = PBXNativeTarget;
			buildConfigurationList = 3C1DC4901E440EB000387187 /* Build configuration list for PBXNativeTarget "colorFeed" */;
			buildPhases = (
				9128F6BAE24DF551BB1506D7 /* [CP] Check Pods Manifest.lock */,
				3C1DC47A1E440EB000387187 /* Sources */,
				3C1DC47B1E440EB000387187 /* Frameworks */,
				3C1DC47C1E440EB000387187 /* Resources */,
				66CBE60FBC8B7672CEDDF859 /* [CP] Embed Pods Frameworks */,
				E1FDBC2FEADFE88A2F9FE58F /* [CP] Copy Pods Resources */,
			);
			buildRules = (
			);
			dependencies = (
			);
			name = colorFeed;
			productName = colorFeed;
			productReference = 3C1DC47E1E440EB000387187 /* colorFeed.app */;
			productType = "com.apple.product-type.application";
		};
/* End PBXNativeTarget section */

/* Begin PBXProject section */
		3C1DC4761E440EB000387187 /* Project object */ = {
			isa = PBXProject;
			attributes = {
				LastSwiftUpdateCheck = 0820;
				LastUpgradeCheck = 0820;
				ORGANIZATIONNAME = "Geodex Systems";
				TargetAttributes = {
					3C1DC47D1E440EB000387187 = {
						CreatedOnToolsVersion = 8.2.1;
						DevelopmentTeam = 79DFX3SWE8;
						ProvisioningStyle = Automatic;
					};
				};
			};
			buildConfigurationList = 3C1DC4791E440EB000387187 /* Build configuration list for PBXProject "colorFeed" */;
			compatibilityVersion = "Xcode 3.2";
			developmentRegion = English;
			hasScannedForEncodings = 0;
			knownRegions = (
				en,
				Base,
			);
			mainGroup = 3C1DC4751E440EB000387187;
			productRefGroup = 3C1DC47F1E440EB000387187 /* Products */;
			projectDirPath = "";
			projectRoot = "";
			targets = (
				3C1DC47D1E440EB000387187 /* colorFeed */,
			);
		};
/* End PBXProject section */

/* Begin PBXResourcesBuildPhase section */
		3C1DC47C1E440EB000387187 /* Resources */ = {
			isa = PBXResourcesBuildPhase;
			buildActionMask = 2147483647;
			files = (
				3C1DC49E1E440F0E00387187 /* Assets.xcassets in Resources */,
				3C1DC4A01E440F1D00387187 /* data.json in Resources */,
				3C1DC4A21E440F4A00387187 /* Main.storyboard in Resources */,
			);
			runOnlyForDeploymentPostprocessing = 0;
		};
/* End PBXResourcesBuildPhase section */

/* Begin PBXShellScriptBuildPhase section */
		66CBE60FBC8B7672CEDDF859 /* [CP] Embed Pods Frameworks */ = {
			isa = PBXShellScriptBuildPhase;
			buildActionMask = 2147483647;
			files = (
			);
			inputPaths = (
			);
			name = "[CP] Embed Pods Frameworks";
			outputPaths = (
			);
			runOnlyForDeploymentPostprocessing = 0;
			shellPath = /bin/sh;
			shellScript = "\"${SRCROOT}/Pods/Target Support Files/Pods-colorFeed/Pods-colorFeed-frameworks.sh\"\n";
			showEnvVarsInLog = 0;
		};
		9128F6BAE24DF551BB1506D7 /* [CP] Check Pods Manifest.lock */ = {
			isa = PBXShellScriptBuildPhase;
			buildActionMask = 2147483647;
			files = (
			);
			inputPaths = (
			);
			name = "[CP] Check Pods Manifest.lock";
			outputPaths = (
			);
			runOnlyForDeploymentPostprocessing = 0;
			shellPath = /bin/sh;
			shellScript = "diff \"${PODS_ROOT}/../Podfile.lock\" \"${PODS_ROOT}/Manifest.lock\" > /dev/null\nif [ $? != 0 ] ; then\n    # print error to STDERR\n    echo \"error: The sandbox is not in sync with the Podfile.lock. Run 'pod install' or update your CocoaPods installation.\" >&2\n    exit 1\nfi\n";
			showEnvVarsInLog = 0;
		};
		E1FDBC2FEADFE88A2F9FE58F /* [CP] Copy Pods Resources */ = {
			isa = PBXShellScriptBuildPhase;
			buildActionMask = 2147483647;
			files = (
			);
			inputPaths = (
			);
			name = "[CP] Copy Pods Resources";
			outputPaths = (
			);
			runOnlyForDeploymentPostprocessing = 0;
			shellPath = /bin/sh;
			shellScript = "\"${SRCROOT}/Pods/Target Support Files/Pods-colorFeed/Pods-colorFeed-resources.sh\"\n";
			showEnvVarsInLog = 0;
		};
/* End PBXShellScriptBuildPhase section */

/* Begin PBXSourcesBuildPhase section */
		3C1DC47A1E440EB000387187 /* Sources */ = {
			isa = PBXSourcesBuildPhase;
			buildActionMask = 2147483647;
			files = (
				3C1DC49A1E440EE800387187 /* likeCell.swift in Sources */,
				3C1DC4991E440EE800387187 /* commentCell.swift in Sources */,
				3C1DC4971E440EE800387187 /* confessionCell.swift in Sources */,
				3C1DC49C1E440EF600387187 /* feedTableViewController.swift in Sources */,
				3C1DC4981E440EE800387187 /* videoCell.swift in Sources */,
				3C1DC4821E440EB000387187 /* AppDelegate.swift in Sources */,
			);
			runOnlyForDeploymentPostprocessing = 0;
		};
/* End PBXSourcesBuildPhase section */

/* Begin XCBuildConfiguration section */
		3C1DC48E1E440EB000387187 /* Debug */ = {
			isa = XCBuildConfiguration;
			buildSettings = {
				ALWAYS_SEARCH_USER_PATHS = NO;
				CLANG_ANALYZER_NONNULL = YES;
				CLANG_CXX_LANGUAGE_STANDARD = "gnu++0x";
				CLANG_CXX_LIBRARY = "libc++";
				CLANG_ENABLE_MODULES = YES;
				CLANG_ENABLE_OBJC_ARC = YES;
				CLANG_WARN_BOOL_CONVERSION = YES;
				CLANG_WARN_CONSTANT_CONVERSION = YES;
				CLANG_WARN_DIRECT_OBJC_ISA_USAGE = YES_ERROR;
				CLANG_WARN_DOCUMENTATION_COMMENTS = YES;
				CLANG_WARN_EMPTY_BODY = YES;
				CLANG_WARN_ENUM_CONVERSION = YES;
				CLANG_WARN_INFINITE_RECURSION = YES;
				CLANG_WARN_INT_CONVERSION = YES;
				CLANG_WARN_OBJC_ROOT_CLASS = YES_ERROR;
				CLANG_WARN_SUSPICIOUS_MOVE = YES;
				CLANG_WARN_UNREACHABLE_CODE = YES;
				CLANG_WARN__DUPLICATE_METHOD_MATCH = YES;
				"CODE_SIGN_IDENTITY[sdk=iphoneos*]" = "iPhone Developer";
				COPY_PHASE_STRIP = NO;
				DEBUG_INFORMATION_FORMAT = dwarf;
				ENABLE_STRICT_OBJC_MSGSEND = YES;
				ENABLE_TESTABILITY = YES;
				GCC_C_LANGUAGE_STANDARD = gnu99;
				GCC_DYNAMIC_NO_PIC = NO;
				GCC_NO_COMMON_BLOCKS = YES;
				GCC_OPTIMIZATION_LEVEL = 0;
				GCC_PREPROCESSOR_DEFINITIONS = (
					"DEBUG=1",
					"$(inherited)",
				);
				GCC_WARN_64_TO_32_BIT_CONVERSION = YES;
				GCC_WARN_ABOUT_RETURN_TYPE = YES_ERROR;
				GCC_WARN_UNDECLARED_SELECTOR = YES;
				GCC_WARN_UNINITIALIZED_AUTOS = YES_AGGRESSIVE;
				GCC_WARN_UNUSED_FUNCTION = YES;
				GCC_WARN_UNUSED_VARIABLE = YES;
				IPHONEOS_DEPLOYMENT_TARGET = 10.2;
				MTL_ENABLE_DEBUG_INFO = YES;
				ONLY_ACTIVE_ARCH = YES;
				SDKROOT = iphoneos;
				SWIFT_ACTIVE_COMPILATION_CONDITIONS = DEBUG;
				SWIFT_OPTIMIZATION_LEVEL = "-Onone";
			};
			name = Debug;
		};
		3C1DC48F1E440EB000387187 /* Release */ = {
			isa = XCBuildConfiguration;
			buildSettings = {
				ALWAYS_SEARCH_USER_PATHS = NO;
				CLANG_ANALYZER_NONNULL = YES;
				CLANG_CXX_LANGUAGE_STANDARD = "gnu++0x";
				CLANG_CXX_LIBRARY = "libc++";
				CLANG_ENABLE_MODULES = YES;
				CLANG_ENABLE_OBJC_ARC = YES;
				CLANG_WARN_BOOL_CONVERSION = YES;
				CLANG_WARN_CONSTANT_CONVERSION = YES;
				CLANG_WARN_DIRECT_OBJC_ISA_USAGE = YES_ERROR;
				CLANG_WARN_DOCUMENTATION_COMMENTS = YES;
				CLANG_WARN_EMPTY_BODY = YES;
				CLANG_WARN_ENUM_CONVERSION = YES;
				CLANG_WARN_INFINITE_RECURSION = YES;
				CLANG_WARN_INT_CONVERSION = YES;
				CLANG_WARN_OBJC_ROOT_CLASS = YES_ERROR;
				CLANG_WARN_SUSPICIOUS_MOVE = YES;
				CLANG_WARN_UNREACHABLE_CODE = YES;
				CLANG_WARN__DUPLICATE_METHOD_MATCH = YES;
				"CODE_SIGN_IDENTITY[sdk=iphoneos*]" = "iPhone Developer";
				COPY_PHASE_STRIP = NO;
				DEBUG_INFORMATION_FORMAT = "dwarf-with-dsym";
				ENABLE_NS_ASSERTIONS = NO;
				ENABLE_STRICT_OBJC_MSGSEND = YES;
				GCC_C_LANGUAGE_STANDARD = gnu99;
				GCC_NO_COMMON_BLOCKS = YES;
				GCC_WARN_64_TO_32_BIT_CONVERSION = YES;
				GCC_WARN_ABOUT_RETURN_TYPE = YES_ERROR;
				GCC_WARN_UNDECLARED_SELECTOR = YES;
				GCC_WARN_UNINITIALIZED_AUTOS = YES_AGGRESSIVE;
				GCC_WARN_UNUSED_FUNCTION = YES;
				GCC_WARN_UNUSED_VARIABLE = YES;
				IPHONEOS_DEPLOYMENT_TARGET = 10.2;
				MTL_ENABLE_DEBUG_INFO = NO;
				SDKROOT = iphoneos;
				SWIFT_OPTIMIZATION_LEVEL = "-Owholemodule";
				VALIDATE_PRODUCT = YES;
			};
			name = Release;
		};
		3C1DC4911E440EB000387187 /* Debug */ = {
			isa = XCBuildConfiguration;
			baseConfigurationReference = FDE10D723CB6F762D2C4ADE7 /* Pods-colorFeed.debug.xcconfig */;
			buildSettings = {
				ASSETCATALOG_COMPILER_APPICON_NAME = AppIcon;
				DEVELOPMENT_TEAM = 79DFX3SWE8;
				INFOPLIST_FILE = colorFeed/Info.plist;
				LD_RUNPATH_SEARCH_PATHS = "$(inherited) @executable_path/Frameworks";
				PRODUCT_BUNDLE_IDENTIFIER = com.kkitcreations.colorFeed;
				PRODUCT_NAME = "$(TARGET_NAME)";
				SWIFT_VERSION = 3.0;
			};
			name = Debug;
		};
		3C1DC4921E440EB000387187 /* Release */ = {
			isa = XCBuildConfiguration;
			baseConfigurationReference = 0F269C95EDE5F7AA948F8DDE /* Pods-colorFeed.release.xcconfig */;
			buildSettings = {
				ASSETCATALOG_COMPILER_APPICON_NAME = AppIcon;
				DEVELOPMENT_TEAM = 79DFX3SWE8;
				INFOPLIST_FILE = colorFeed/Info.plist;
				LD_RUNPATH_SEARCH_PATHS = "$(inherited) @executable_path/Frameworks";
				PRODUCT_BUNDLE_IDENTIFIER = com.kkitcreations.colorFeed;
				PRODUCT_NAME = "$(TARGET_NAME)";
				SWIFT_VERSION = 3.0;
			};
			name = Release;
		};
/* End XCBuildConfiguration section */

/* Begin XCConfigurationList section */
		3C1DC4791E440EB000387187 /* Build configuration list for PBXProject "colorFeed" */ = {
			isa = XCConfigurationList;
			buildConfigurations = (
				3C1DC48E1E440EB000387187 /* Debug */,
				3C1DC48F1E440EB000387187 /* Release */,
			);
			defaultConfigurationIsVisible = 0;
			defaultConfigurationName = Release;
		};
		3C1DC4901E440EB000387187 /* Build configuration list for PBXNativeTarget "colorFeed" */ = {
			isa = XCConfigurationList;
			buildConfigurations = (
				3C1DC4911E440EB000387187 /* Debug */,
				3C1DC4921E440EB000387187 /* Release */,
			);
			defaultConfigurationIsVisible = 0;
			defaultConfigurationName = Release;
		};
/* End XCConfigurationList section */
	};
	rootObject = 3C1DC4761E440EB000387187 /* Project object */;
}
